
Microsoft Visual Studio Solution File, Format Version 12.00
# Visual Studio Version 16
VisualStudioVersion = 16.0.30907.101
MinimumVisualStudioVersion = 10.0.40219.1
Project("{FAE04EC0-301F-11D3-BF4B-00C04F79EFBC}") = "ProjectoSegSocial_MiguelRodrigues", "ProjectoSegSocial_MiguelRodrigues.csproj", "{8E3CE894-4AF6-4FEF-8557-E1A6BA66C97D}"
EndProject
Global
	GlobalSection(SolutionConfigurationPlatforms) = preSolution
		Debug|Any CPU = Debug|Any CPU
		Release|Any CPU = Release|Any CPU
	EndGlobalSection
	GlobalSection(ProjectConfigurationPlatforms) = postSolution
		{8E3CE894-4AF6-4FEF-8557-E1A6BA66C97D}.Debug|Any CPU.ActiveCfg = Debug|Any CPU
		{8E3CE894-4AF6-4FEF-8557-E1A6BA66C97D}.Debug|Any CPU.Build.0 = Debug|Any CPU
		{8E3CE894-4AF6-4FEF-8557-E1A6BA66C97D}.Release|Any CPU.ActiveCfg = Release|Any CPU
		{8E3CE894-4AF6-4FEF-8557-E1A6BA66C97D}.Release|Any CPU.Build.0 = Release|Any CPU
	EndGlobalSection
	GlobalSection(SolutionProperties) = preSolution
		HideSolutionNode = FALSE
	EndGlobalSection
	GlobalSection(ExtensibilityGlobals) = postSolution
		SolutionGuid = {0210C47A-9111-4719-B241-9205A3DD5816}
	EndGlobalSection
EndGlobal
